
Microsoft Visual Studio Solution File, Format Version 12.00
# Visual Studio Version 17
VisualStudioVersion = 17.7.34031.279
MinimumVisualStudioVersion = 10.0.40219.1
Project("{FAE04EC0-301F-11D3-BF4B-00C04F79EFBC}") = "HW 3", "HW 3.csproj", "{D3CDD1B4-451B-4389-8CBC-B90CBFC471E8}"
EndProject
Global
	GlobalSection(SolutionConfigurationPlatforms) = preSolution
		Debug|Any CPU = Debug|Any CPU
		Release|Any CPU = Release|Any CPU
	EndGlobalSection
	GlobalSection(ProjectConfigurationPlatforms) = postSolution
		{D3CDD1B4-451B-4389-8CBC-B90CBFC471E8}.Debug|Any CPU.ActiveCfg = Debug|Any CPU
		{D3CDD1B4-451B-4389-8CBC-B90CBFC471E8}.Debug|Any CPU.Build.0 = Debug|Any CPU
		{D3CDD1B4-451B-4389-8CBC-B90CBFC471E8}.Release|Any CPU.ActiveCfg = Release|Any CPU
		{D3CDD1B4-451B-4389-8CBC-B90CBFC471E8}.Release|Any CPU.Build.0 = Release|Any CPU
	EndGlobalSection
	GlobalSection(SolutionProperties) = preSolution
		HideSolutionNode = FALSE
	EndGlobalSection
	GlobalSection(ExtensibilityGlobals) = postSolution
		SolutionGuid = {5818851E-7271-4AC4-AFEC-90858FDE5976}
	EndGlobalSection
EndGlobal
