
Microsoft Visual Studio Solution File, Format Version 12.00
# Visual Studio Version 17
VisualStudioVersion = 17.7.34031.279
MinimumVisualStudioVersion = 10.0.40219.1
Project("{FAE04EC0-301F-11D3-BF4B-00C04F79EFBC}") = "c#2 homework 1_2", "c#2 homework 1_2.csproj", "{38F31EBF-6C73-403B-827A-DC3870E6DDF1}"
EndProject
Global
	GlobalSection(SolutionConfigurationPlatforms) = preSolution
		Debug|Any CPU = Debug|Any CPU
		Release|Any CPU = Release|Any CPU
	EndGlobalSection
	GlobalSection(ProjectConfigurationPlatforms) = postSolution
		{38F31EBF-6C73-403B-827A-DC3870E6DDF1}.Debug|Any CPU.ActiveCfg = Debug|Any CPU
		{38F31EBF-6C73-403B-827A-DC3870E6DDF1}.Debug|Any CPU.Build.0 = Debug|Any CPU
		{38F31EBF-6C73-403B-827A-DC3870E6DDF1}.Release|Any CPU.ActiveCfg = Release|Any CPU
		{38F31EBF-6C73-403B-827A-DC3870E6DDF1}.Release|Any CPU.Build.0 = Release|Any CPU
	EndGlobalSection
	GlobalSection(SolutionProperties) = preSolution
		HideSolutionNode = FALSE
	EndGlobalSection
	GlobalSection(ExtensibilityGlobals) = postSolution
		SolutionGuid = {0525F74A-22A2-4534-870A-346A9C815368}
	EndGlobalSection
EndGlobal
